schema: 1
dependencies:
    acme-lib-utils:
        git: https://github.com/neprel/git-a2a-demo-acme-lib
        ref: main
        path: .
        commit: 6705ae4d13a40ec34845036d285d11ee2ea7bbf2
        manifest: sha256:8daa4daed53e05257868cdbc3ca85aafc44fb6957a0c1f45f79645f7291f5d11
        cards:
            acme-lib-utils: sha256:7c90696f17d5e08a50f6cedcbcf975668655fbab06990ce4c2106048e6aa7d2e
            acme-pm: sha256:c67db8f092cebd6bb03380ec2e59bf3d3765be53ba3141b8b98a2baba87f40d0
        cards-keys:
            acme-lib-utils:
                kid: acme-demo-2026
                thumbprint: HZH11bcIdhdQB0PRnqosaVXtQ-DFiRzXygVSeX1Ybds
                jwks: https://git-a2a.com/demo/agents/.well-known/jwks.json
                first-seen: 6705ae4d13a40ec34845036d285d11ee2ea7bbf2
            acme-pm:
                kid: acme-demo-2026
                thumbprint: HZH11bcIdhdQB0PRnqosaVXtQ-DFiRzXygVSeX1Ybds
                jwks: https://git-a2a.com/demo/agents/.well-known/jwks.json
                first-seen: 6705ae4d13a40ec34845036d285d11ee2ea7bbf2
        verified: signed
        vendor:
            mode: submodule
            path: deps/acme-lib-utils
