schema: 1
dependencies:
    acme-lib-utils:
        git: https://github.com/neprel/git-a2a-demo-acme-lib
        ref: main
        path: .
        commit: 08e947cd41e78733c848e714f6df92fc09773d22
        manifest: sha256:48e7aad8f2e537ac648b9475ed70f4d6fffe71c8a233f8edde7352deca961a0f
        cards:
            acme-lib-utils: sha256:e154f3cec8004ffc7dbdf4d433450cbc47ad31db19c8a7fc96df1b94216c5f6f
            acme-pm: sha256:ebdb49ec440600021efb2b8329fff56ca15f47450533c4d709a98e9d339d9d35
        vendor:
            mode: submodule
            path: deps/acme-lib-utils
