{
  "name": "consumer-app",
  "version": "1.0.0",
  "lockfileVersion": 3,
  "requires": true,
  "packages": {
    "": {
      "name": "consumer-app",
      "version": "1.0.0",
      "dependencies": {
        "@acme/lib-utils": "git+https://github.com/neprel/git-a2a-demo-acme-lib#dcaf2b1e6ff07567ccab19d037d5e516e9b4774c"
      }
    },
    "node_modules/@acme/lib-utils": {
      "version": "1.1.0",
      "resolved": "git+ssh://git@github.com/neprel/git-a2a-demo-acme-lib.git#dcaf2b1e6ff07567ccab19d037d5e516e9b4774c",
      "integrity": "sha512-sxRqBSmdkuRqosTmSbqUZ/rScaEiqBre77gi6aci0SRA11IsZFOi0CI642wuNnATfgjymkLdmJ+To1/6Eo+FEQ==",
      "license": "Apache-2.0"
    }
  }
}
