version = 1
revision = 3
requires-python = ">=3.11"

[[package]]
name = "acme-lib-utils"
version = "1.1.0"
source = { directory = "deps/acme-lib-utils" }

[[package]]
name = "consumer-app"
version = "1.0.0"
source = { virtual = "." }
dependencies = [
    { name = "acme-lib-utils" },
]

[package.metadata]
requires-dist = [{ name = "acme-lib-utils", directory = "deps/acme-lib-utils" }]
